{
  "version": 4,
  "terraform_version": "0.12.13",
  "serial": 179,
  "lineage": "7e3762ea-7ee5-97e6-884d-23ab8e6be62b",
  "outputs": {},
  "resources": [
    {
      "module": "module.bookings",
      "mode": "managed",
      "type": "aws_dynamodb_table",
      "name": "bookings",
      "provider": "provider.aws",
      "instances": [
        {
          "schema_version": 1,
          "attributes": {
            "arn": "arn:aws:dynamodb:us-east-1:980844662827:table/dev-bookings",
            "attribute": [
              {
                "name": "id",
                "type": "S"
              }
            ],
            "billing_mode": "PROVISIONED",
            "global_secondary_index": [],
            "hash_key": "id",
            "id": "dev-bookings",
            "local_secondary_index": [],
            "name": "dev-bookings",
            "point_in_time_recovery": [
              {
                "enabled": false
              }
            ],
            "range_key": null,
            "read_capacity": 1,
            "server_side_encryption": [],
            "stream_arn": "arn:aws:dynamodb:us-east-1:980844662827:table/dev-bookings/stream/2019-11-26T20:56:02.282",
            "stream_enabled": true,
            "stream_label": "2019-11-26T20:56:02.282",
            "stream_view_type": "NEW_IMAGE",
            "tags": {},
            "timeouts": null,
            "ttl": [
              {
                "attribute_name": "",
                "enabled": false
              }
            ],
            "write_capacity": 1
          },
          "private": "eyJlMmJmYjczMC1lY2FhLTExZTYtOGY4OC0zNDM2M2JjN2M0YzAiOnsiY3JlYXRlIjo2MDAwMDAwMDAwMDAsImRlbGV0ZSI6NjAwMDAwMDAwMDAwLCJ1cGRhdGUiOjM2MDAwMDAwMDAwMDB9LCJzY2hlbWFfdmVyc2lvbiI6IjEifQ=="
        }
      ]
    },
    {
      "module": "module.users",
      "mode": "managed",
      "type": "aws_dynamodb_table",
      "name": "users",
      "provider": "provider.aws",
      "instances": [
        {
          "schema_version": 1,
          "attributes": {
            "arn": "arn:aws:dynamodb:us-east-1:980844662827:table/dev-users",
            "attribute": [
              {
                "name": "email",
                "type": "S"
              },
              {
                "name": "id",
                "type": "S"
              }
            ],
            "billing_mode": "PROVISIONED",
            "global_secondary_index": [
              {
                "hash_key": "email",
                "name": "dev-email-gsi",
                "non_key_attributes": [],
                "projection_type": "ALL",
                "range_key": "",
                "read_capacity": 1,
                "write_capacity": 1
              }
            ],
            "hash_key": "id",
            "id": "dev-users",
            "local_secondary_index": [],
            "name": "dev-users",
            "point_in_time_recovery": [
              {
                "enabled": false
              }
            ],
            "range_key": null,
            "read_capacity": 1,
            "server_side_encryption": [],
            "stream_arn": "",
            "stream_enabled": false,
            "stream_label": "",
            "stream_view_type": "",
            "tags": {},
            "timeouts": null,
            "ttl": [
              {
                "attribute_name": "",
                "enabled": false
              }
            ],
            "write_capacity": 1
          },
          "private": "eyJlMmJmYjczMC1lY2FhLTExZTYtOGY4OC0zNDM2M2JjN2M0YzAiOnsiY3JlYXRlIjo2MDAwMDAwMDAwMDAsImRlbGV0ZSI6NjAwMDAwMDAwMDAwLCJ1cGRhdGUiOjM2MDAwMDAwMDAwMDB9LCJzY2hlbWFfdmVyc2lvbiI6IjEifQ=="
        }
      ]
    },
    {
      "module": "module.users",
      "mode": "managed",
      "type": "aws_dynamodb_table_item",
      "name": "admin",
      "provider": "provider.aws",
      "instances": [
        {
          "schema_version": 0,
          "attributes": {
            "hash_key": "id",
            "id": "dev-users|id||e4fad5a2-b085-4664-a4e0-fa30217055e1|",
            "item": "{\n  \"id\": {\"S\": \"e4fad5a2-b085-4664-a4e0-fa30217055e1\"},\n  \"email\": {\"S\": \"admin@email.com\"},\n  \"password\": {\"S\": \"$2y$10$NesuwVHn5CubmOZHwHQ/RexIgvxIr3vdEOlsHSAxaiWD6JO/OZFB6\"},\n  \"role\": {\"S\": \"ADMIN\"},\n  \"name\": {\"S\": \"Admin\"}\n}\n",
            "range_key": null,
            "table_name": "dev-users"
          },
          "private": "bnVsbA==",
          "depends_on": [
            "aws_dynamodb_table.users"
          ]
        }
      ]
    },
    {
      "module": "module.bookings",
      "mode": "managed",
      "type": "aws_iam_policy",
      "name": "create_booking_policy",
      "provider": "provider.aws",
      "instances": [
        {
          "schema_version": 0,
          "attributes": {
            "arn": "arn:aws:iam::980844662827:policy/dev-create-booking-policy",
            "description": "",
            "id": "arn:aws:iam::980844662827:policy/dev-create-booking-policy",
            "name": "dev-create-booking-policy",
            "name_prefix": null,
            "path": "/",
            "policy": "{\n  \"Version\": \"2012-10-17\",\n  \"Statement\": [\n    {\n      \"Action\": [\n        \"dynamodb:PutItem\"\n      ],\n      \"Effect\": \"Allow\",\n      \"Resource\": \"arn:aws:dynamodb:us-east-1:980844662827:table/dev-bookings\"\n    },\n    {\n            \"Effect\": \"Allow\",\n            \"Action\": [\n                \"logs:CreateLogGroup\",\n                \"logs:CreateLogStream\",\n                \"logs:PutLogEvents\"\n            ],\n            \"Resource\": \"*\"\n        }\n  ]\n} "
          },
          "private": "bnVsbA==",
          "depends_on": [
            "aws_dynamodb_table.bookings"
          ]
        }
      ]
    },
    {
      "module": "module.bookings",
      "mode": "managed",
      "type": "aws_iam_policy",
      "name": "list_bookings_policy",
      "provider": "provider.aws",
      "instances": [
        {
          "schema_version": 0,
          "attributes": {
            "arn": "arn:aws:iam::980844662827:policy/dev-list-bookings-policy",
            "description": "",
            "id": "arn:aws:iam::980844662827:policy/dev-list-bookings-policy",
            "name": "dev-list-bookings-policy",
            "name_prefix": null,
            "path": "/",
            "policy": "{\n  \"Version\": \"2012-10-17\",\n  \"Statement\": [\n    {\n      \"Action\": [\n        \"dynamodb:Scan\"\n      ],\n      \"Effect\": \"Allow\",\n      \"Resource\": \"arn:aws:dynamodb:us-east-1:980844662827:table/dev-bookings\"\n    },\n    {\n            \"Effect\": \"Allow\",\n            \"Action\": [\n                \"logs:CreateLogGroup\",\n                \"logs:CreateLogStream\",\n                \"logs:PutLogEvents\"\n            ],\n            \"Resource\": \"*\"\n        }\n  ]\n} "
          },
          "private": "bnVsbA==",
          "depends_on": [
            "aws_dynamodb_table.bookings"
          ]
        }
      ]
    },
    {
      "module": "module.users",
      "mode": "managed",
      "type": "aws_iam_policy",
      "name": "login_policy",
      "provider": "provider.aws",
      "instances": [
        {
          "schema_version": 0,
          "attributes": {
            "arn": "arn:aws:iam::980844662827:policy/dev-login-policy",
            "description": "",
            "id": "arn:aws:iam::980844662827:policy/dev-login-policy",
            "name": "dev-login-policy",
            "name_prefix": null,
            "path": "/",
            "policy": "{\n  \"Version\": \"2012-10-17\",\n  \"Statement\": [\n    {\n      \"Action\": [\n        \"dynamodb:Query\"\n      ],\n      \"Effect\": \"Allow\",\n      \"Resource\": \"arn:aws:dynamodb:us-east-1:980844662827:table/dev-users/index/dev-email-gsi\"\n    },\n    {\n            \"Effect\": \"Allow\",\n            \"Action\": [\n                \"logs:CreateLogGroup\",\n                \"logs:CreateLogStream\",\n                \"logs:PutLogEvents\"\n            ],\n            \"Resource\": \"*\"\n        }\n  ]\n} "
          },
          "private": "bnVsbA==",
          "depends_on": [
            "aws_dynamodb_table.users"
          ]
        }
      ]
    },
    {
      "module": "module.users",
      "mode": "managed",
      "type": "aws_iam_policy",
      "name": "register_policy",
      "provider": "provider.aws",
      "instances": [
        {
          "schema_version": 0,
          "attributes": {
            "arn": "arn:aws:iam::980844662827:policy/dev-register-policy",
            "description": "",
            "id": "arn:aws:iam::980844662827:policy/dev-register-policy",
            "name": "dev-register-policy",
            "name_prefix": null,
            "path": "/",
            "policy": "{\n  \"Version\": \"2012-10-17\",\n  \"Statement\": [\n    {\n      \"Action\": [\n        \"dynamodb:PutItem\"\n      ],\n      \"Effect\": \"Allow\",\n      \"Resource\": \"arn:aws:dynamodb:us-east-1:980844662827:table/dev-users\"\n    },\n    {\n            \"Effect\": \"Allow\",\n            \"Action\": [\n                \"logs:CreateLogGroup\",\n                \"logs:CreateLogStream\",\n                \"logs:PutLogEvents\"\n            ],\n            \"Resource\": \"*\"\n        }\n  ]\n} "
          },
          "private": "bnVsbA==",
          "depends_on": [
            "aws_dynamodb_table.users"
          ]
        }
      ]
    },
    {
      "module": "module.bookings",
      "mode": "managed",
      "type": "aws_iam_policy_attachment",
      "name": "create_booking_policy_attachment",
      "provider": "provider.aws",
      "instances": [
        {
          "schema_version": 0,
          "attributes": {
            "groups": [],
            "id": "dev-create-booking-attachment",
            "name": "dev-create-booking-attachment",
            "policy_arn": "arn:aws:iam::980844662827:policy/dev-create-booking-policy",
            "roles": [
              "dev-create-booking-iam-role"
            ],
            "users": []
          },
          "private": "bnVsbA==",
          "depends_on": [
            "aws_iam_policy.create_booking_policy",
            "aws_iam_role.create_booking_iam_role"
          ]
        }
      ]
    },
    {
      "module": "module.bookings",
      "mode": "managed",
      "type": "aws_iam_policy_attachment",
      "name": "list_bookings_policy_attachment",
      "provider": "provider.aws",
      "instances": [
        {
          "schema_version": 0,
          "attributes": {
            "groups": [],
            "id": "dev-list-bookings-attachment",
            "name": "dev-list-bookings-attachment",
            "policy_arn": "arn:aws:iam::980844662827:policy/dev-list-bookings-policy",
            "roles": [
              "dev-list-bookings-iam-role"
            ],
            "users": []
          },
          "private": "bnVsbA==",
          "depends_on": [
            "aws_iam_policy.list_bookings_policy",
            "aws_iam_role.list_bookings_iam_role"
          ]
        }
      ]
    },
    {
      "module": "module.users",
      "mode": "managed",
      "type": "aws_iam_policy_attachment",
      "name": "login_policy_attachment",
      "provider": "provider.aws",
      "instances": [
        {
          "schema_version": 0,
          "attributes": {
            "groups": [],
            "id": "dev-login-attachment",
            "name": "dev-login-attachment",
            "policy_arn": "arn:aws:iam::980844662827:policy/dev-login-policy",
            "roles": [
              "dev-login-iam-role"
            ],
            "users": []
          },
          "private": "bnVsbA==",
          "depends_on": [
            "aws_iam_policy.login_policy",
            "aws_iam_role.login_iam_role"
          ]
        }
      ]
    },
    {
      "module": "module.users",
      "mode": "managed",
      "type": "aws_iam_policy_attachment",
      "name": "register_policy_attachment",
      "provider": "provider.aws",
      "instances": [
        {
          "schema_version": 0,
          "attributes": {
            "groups": [],
            "id": "dev-register-attachment",
            "name": "dev-register-attachment",
            "policy_arn": "arn:aws:iam::980844662827:policy/dev-register-policy",
            "roles": [
              "dev-register-iam-role"
            ],
            "users": []
          },
          "private": "bnVsbA==",
          "depends_on": [
            "aws_iam_policy.register_policy",
            "aws_iam_role.register_iam_role"
          ]
        }
      ]
    },
    {
      "module": "module.bookings",
      "mode": "managed",
      "type": "aws_iam_role",
      "name": "create_booking_iam_role",
      "provider": "provider.aws",
      "instances": [
        {
          "schema_version": 0,
          "attributes": {
            "arn": "arn:aws:iam::980844662827:role/dev-create-booking-iam-role",
            "assume_role_policy": "{\"Version\":\"2012-10-17\",\"Statement\":[{\"Sid\":\"\",\"Effect\":\"Allow\",\"Principal\":{\"Service\":\"lambda.amazonaws.com\"},\"Action\":\"sts:AssumeRole\"}]}",
            "create_date": "2019-11-26T20:33:17Z",
            "description": "",
            "force_detach_policies": false,
            "id": "dev-create-booking-iam-role",
            "max_session_duration": 3600,
            "name": "dev-create-booking-iam-role",
            "name_prefix": null,
            "path": "/",
            "permissions_boundary": null,
            "tags": {},
            "unique_id": "AROA6IXXF2AVRNTRTCGJR"
          },
          "private": "bnVsbA=="
        }
      ]
    },
    {
      "module": "module.bookings",
      "mode": "managed",
      "type": "aws_iam_role",
      "name": "list_bookings_iam_role",
      "provider": "provider.aws",
      "instances": [
        {
          "schema_version": 0,
          "attributes": {
            "arn": "arn:aws:iam::980844662827:role/dev-list-bookings-iam-role",
            "assume_role_policy": "{\"Version\":\"2012-10-17\",\"Statement\":[{\"Sid\":\"\",\"Effect\":\"Allow\",\"Principal\":{\"Service\":\"lambda.amazonaws.com\"},\"Action\":\"sts:AssumeRole\"}]}",
            "create_date": "2019-11-26T20:33:17Z",
            "description": "",
            "force_detach_policies": false,
            "id": "dev-list-bookings-iam-role",
            "max_session_duration": 3600,
            "name": "dev-list-bookings-iam-role",
            "name_prefix": null,
            "path": "/",
            "permissions_boundary": null,
            "tags": {},
            "unique_id": "AROA6IXXF2AVR7Y43HTWW"
          },
          "private": "bnVsbA=="
        }
      ]
    },
    {
      "module": "module.users",
      "mode": "managed",
      "type": "aws_iam_role",
      "name": "login_iam_role",
      "provider": "provider.aws",
      "instances": [
        {
          "schema_version": 0,
          "attributes": {
            "arn": "arn:aws:iam::980844662827:role/dev-login-iam-role",
            "assume_role_policy": "{\"Version\":\"2012-10-17\",\"Statement\":[{\"Sid\":\"\",\"Effect\":\"Allow\",\"Principal\":{\"Service\":\"lambda.amazonaws.com\"},\"Action\":\"sts:AssumeRole\"}]}",
            "create_date": "2019-11-26T20:33:17Z",
            "description": "",
            "force_detach_policies": false,
            "id": "dev-login-iam-role",
            "max_session_duration": 3600,
            "name": "dev-login-iam-role",
            "name_prefix": null,
            "path": "/",
            "permissions_boundary": null,
            "tags": {},
            "unique_id": "AROA6IXXF2AV2BU3GH6YL"
          },
          "private": "bnVsbA=="
        }
      ]
    },
    {
      "module": "module.users",
      "mode": "managed",
      "type": "aws_iam_role",
      "name": "register_iam_role",
      "provider": "provider.aws",
      "instances": [
        {
          "schema_version": 0,
          "attributes": {
            "arn": "arn:aws:iam::980844662827:role/dev-register-iam-role",
            "assume_role_policy": "{\"Version\":\"2012-10-17\",\"Statement\":[{\"Sid\":\"\",\"Effect\":\"Allow\",\"Principal\":{\"Service\":\"lambda.amazonaws.com\"},\"Action\":\"sts:AssumeRole\"}]}",
            "create_date": "2019-11-26T20:33:17Z",
            "description": "",
            "force_detach_policies": false,
            "id": "dev-register-iam-role",
            "max_session_duration": 3600,
            "name": "dev-register-iam-role",
            "name_prefix": null,
            "path": "/",
            "permissions_boundary": null,
            "tags": {},
            "unique_id": "AROA6IXXF2AVST76LISRB"
          },
          "private": "bnVsbA=="
        }
      ]
    },
    {
      "module": "module.bookings",
      "mode": "managed",
      "type": "aws_ssm_parameter",
      "name": "create_booking_iam_role",
      "provider": "provider.aws",
      "instances": [
        {
          "schema_version": 0,
          "attributes": {
            "allowed_pattern": "",
            "arn": "arn:aws:ssm:us-east-1:980844662827:parameter/dev-create-booking-iam-role",
            "description": "",
            "id": "dev-create-booking-iam-role",
            "key_id": "",
            "name": "dev-create-booking-iam-role",
            "overwrite": null,
            "tags": {},
            "tier": "Standard",
            "type": "String",
            "value": "arn:aws:iam::980844662827:role/dev-create-booking-iam-role",
            "version": 1
          },
          "private": "bnVsbA==",
          "depends_on": [
            "aws_iam_role.create_booking_iam_role"
          ]
        }
      ]
    },
    {
      "module": "module.bookings",
      "mode": "managed",
      "type": "aws_ssm_parameter",
      "name": "dynamodb_bookings_stream",
      "provider": "provider.aws",
      "instances": [
        {
          "schema_version": 0,
          "attributes": {
            "allowed_pattern": "",
            "arn": "arn:aws:ssm:us-east-1:980844662827:parameter/dev-dynamodb-bookings-stream",
            "description": "",
            "id": "dev-dynamodb-bookings-stream",
            "key_id": "",
            "name": "dev-dynamodb-bookings-stream",
            "overwrite": null,
            "tags": null,
            "tier": "Standard",
            "type": "String",
            "value": "arn:aws:dynamodb:us-east-1:980844662827:table/dev-bookings/stream/2019-11-26T20:56:02.282",
            "version": 1
          },
          "private": "bnVsbA==",
          "depends_on": [
            "aws_dynamodb_table.bookings"
          ]
        }
      ]
    },
    {
      "module": "module.bookings",
      "mode": "managed",
      "type": "aws_ssm_parameter",
      "name": "dynamodb_bookings_table",
      "provider": "provider.aws",
      "instances": [
        {
          "schema_version": 0,
          "attributes": {
            "allowed_pattern": "",
            "arn": "arn:aws:ssm:us-east-1:980844662827:parameter/dev-dynamodb-bookings-table",
            "description": "",
            "id": "dev-dynamodb-bookings-table",
            "key_id": "",
            "name": "dev-dynamodb-bookings-table",
            "overwrite": null,
            "tags": {},
            "tier": "Standard",
            "type": "String",
            "value": "dev-bookings",
            "version": 1
          },
          "private": "bnVsbA==",
          "depends_on": [
            "aws_dynamodb_table.bookings"
          ]
        }
      ]
    },
    {
      "module": "module.users",
      "mode": "managed",
      "type": "aws_ssm_parameter",
      "name": "dynamodb_users_table",
      "provider": "provider.aws",
      "instances": [
        {
          "schema_version": 0,
          "attributes": {
            "allowed_pattern": "",
            "arn": "arn:aws:ssm:us-east-1:980844662827:parameter/dev-dynamodb-users-table",
            "description": "",
            "id": "dev-dynamodb-users-table",
            "key_id": "",
            "name": "dev-dynamodb-users-table",
            "overwrite": null,
            "tags": {},
            "tier": "Standard",
            "type": "String",
            "value": "dev-users",
            "version": 1
          },
          "private": "bnVsbA==",
          "depends_on": [
            "aws_dynamodb_table.users"
          ]
        }
      ]
    },
    {
      "module": "module.users",
      "mode": "managed",
      "type": "aws_ssm_parameter",
      "name": "email-gsi",
      "provider": "provider.aws",
      "instances": [
        {
          "schema_version": 0,
          "attributes": {
            "allowed_pattern": "",
            "arn": "arn:aws:ssm:us-east-1:980844662827:parameter/dev-email-gsi",
            "description": "",
            "id": "dev-email-gsi",
            "key_id": "",
            "name": "dev-email-gsi",
            "overwrite": null,
            "tags": {},
            "tier": "Standard",
            "type": "String",
            "value": "dev-email-gsi",
            "version": 1
          },
          "private": "bnVsbA=="
        }
      ]
    },
    {
      "module": "module.users",
      "mode": "managed",
      "type": "aws_ssm_parameter",
      "name": "jwt_secret",
      "provider": "provider.aws",
      "instances": [
        {
          "schema_version": 0,
          "attributes": {
            "allowed_pattern": "",
            "arn": "arn:aws:ssm:us-east-1:980844662827:parameter/dev-jwt-secret",
            "description": "",
            "id": "dev-jwt-secret",
            "key_id": "",
            "name": "dev-jwt-secret",
            "overwrite": null,
            "tags": {},
            "tier": "Standard",
            "type": "String",
            "value": "qxPZPPsw0AHBHRTNEiKpiDyydNmlRcrYRnoeYytU",
            "version": 1
          },
          "private": "bnVsbA=="
        }
      ]
    },
    {
      "module": "module.bookings",
      "mode": "managed",
      "type": "aws_ssm_parameter",
      "name": "list_bookings_iam_role",
      "provider": "provider.aws",
      "instances": [
        {
          "schema_version": 0,
          "attributes": {
            "allowed_pattern": "",
            "arn": "arn:aws:ssm:us-east-1:980844662827:parameter/dev-list-bookings-iam-role",
            "description": "",
            "id": "dev-list-bookings-iam-role",
            "key_id": "",
            "name": "dev-list-bookings-iam-role",
            "overwrite": null,
            "tags": {},
            "tier": "Standard",
            "type": "String",
            "value": "arn:aws:iam::980844662827:role/dev-list-bookings-iam-role",
            "version": 1
          },
          "private": "bnVsbA==",
          "depends_on": [
            "aws_iam_role.list_bookings_iam_role"
          ]
        }
      ]
    },
    {
      "module": "module.users",
      "mode": "managed",
      "type": "aws_ssm_parameter",
      "name": "login_iam_role",
      "provider": "provider.aws",
      "instances": [
        {
          "schema_version": 0,
          "attributes": {
            "allowed_pattern": "",
            "arn": "arn:aws:ssm:us-east-1:980844662827:parameter/dev-login-iam-role",
            "description": "",
            "id": "dev-login-iam-role",
            "key_id": "",
            "name": "dev-login-iam-role",
            "overwrite": null,
            "tags": {},
            "tier": "Standard",
            "type": "String",
            "value": "arn:aws:iam::980844662827:role/dev-login-iam-role",
            "version": 1
          },
          "private": "bnVsbA==",
          "depends_on": [
            "aws_iam_role.login_iam_role"
          ]
        }
      ]
    },
    {
      "module": "module.users",
      "mode": "managed",
      "type": "aws_ssm_parameter",
      "name": "register_iam_role",
      "provider": "provider.aws",
      "instances": [
        {
          "schema_version": 0,
          "attributes": {
            "allowed_pattern": "",
            "arn": "arn:aws:ssm:us-east-1:980844662827:parameter/dev-register-iam-role",
            "description": "",
            "id": "dev-register-iam-role",
            "key_id": "",
            "name": "dev-register-iam-role",
            "overwrite": null,
            "tags": {},
            "tier": "Standard",
            "type": "String",
            "value": "arn:aws:iam::980844662827:role/dev-register-iam-role",
            "version": 1
          },
          "private": "bnVsbA==",
          "depends_on": [
            "aws_iam_role.register_iam_role"
          ]
        }
      ]
    }
  ]
}
